
Microsoft Visual Studio Solution File, Format Version 12.00
# Visual Studio Version 16
VisualStudioVersion = 16.0.31729.503
MinimumVisualStudioVersion = 10.0.40219.1
Project("{FAE04EC0-301F-11D3-BF4B-00C04F79EFBC}") = "CraciunCatalin_Lab5", "CraciunCatalin_Lab5.csproj", "{76F6DA4C-2832-43D2-A935-AD38EDDE1F6C}"
EndProject
Project("{FAE04EC0-301F-11D3-BF4B-00C04F79EFBC}") = "AutoGeistModel", "AutoGeistModel\AutoGeistModel.csproj", "{1F5CE6BD-E03C-4247-816D-831E9A9167A4}"
EndProject
Global
	GlobalSection(SolutionConfigurationPlatforms) = preSolution
		Debug|Any CPU = Debug|Any CPU
		Release|Any CPU = Release|Any CPU
	EndGlobalSection
	GlobalSection(ProjectConfigurationPlatforms) = postSolution
		{76F6DA4C-2832-43D2-A935-AD38EDDE1F6C}.Debug|Any CPU.ActiveCfg = Debug|Any CPU
		{76F6DA4C-2832-43D2-A935-AD38EDDE1F6C}.Debug|Any CPU.Build.0 = Debug|Any CPU
		{76F6DA4C-2832-43D2-A935-AD38EDDE1F6C}.Release|Any CPU.ActiveCfg = Release|Any CPU
		{76F6DA4C-2832-43D2-A935-AD38EDDE1F6C}.Release|Any CPU.Build.0 = Release|Any CPU
		{1F5CE6BD-E03C-4247-816D-831E9A9167A4}.Debug|Any CPU.ActiveCfg = Debug|Any CPU
		{1F5CE6BD-E03C-4247-816D-831E9A9167A4}.Debug|Any CPU.Build.0 = Debug|Any CPU
		{1F5CE6BD-E03C-4247-816D-831E9A9167A4}.Release|Any CPU.ActiveCfg = Release|Any CPU
		{1F5CE6BD-E03C-4247-816D-831E9A9167A4}.Release|Any CPU.Build.0 = Release|Any CPU
	EndGlobalSection
	GlobalSection(SolutionProperties) = preSolution
		HideSolutionNode = FALSE
	EndGlobalSection
	GlobalSection(ExtensibilityGlobals) = postSolution
		SolutionGuid = {8281A994-5D07-4EBF-A735-1E12DD11170C}
	EndGlobalSection
EndGlobal
